
Microsoft Visual Studio Solution File, Format Version 12.00
# Visual Studio 15
VisualStudioVersion = 15.0.28010.2003
MinimumVisualStudioVersion = 10.0.40219.1
Project("{FAE04EC0-301F-11D3-BF4B-00C04F79EFBC}") = "4_1", "4_1\4_1.csproj", "{0DFEF6CE-A170-4753-870B-4C973F155255}"
EndProject
Global
	GlobalSection(SolutionConfigurationPlatforms) = preSolution
		Debug|Any CPU = Debug|Any CPU
		Release|Any CPU = Release|Any CPU
	EndGlobalSection
	GlobalSection(ProjectConfigurationPlatforms) = postSolution
		{0DFEF6CE-A170-4753-870B-4C973F155255}.Debug|Any CPU.ActiveCfg = Debug|Any CPU
		{0DFEF6CE-A170-4753-870B-4C973F155255}.Debug|Any CPU.Build.0 = Debug|Any CPU
		{0DFEF6CE-A170-4753-870B-4C973F155255}.Release|Any CPU.ActiveCfg = Release|Any CPU
		{0DFEF6CE-A170-4753-870B-4C973F155255}.Release|Any CPU.Build.0 = Release|Any CPU
	EndGlobalSection
	GlobalSection(SolutionProperties) = preSolution
		HideSolutionNode = FALSE
	EndGlobalSection
	GlobalSection(ExtensibilityGlobals) = postSolution
		SolutionGuid = {8DA99B21-CADB-4BB0-8D7F-380BFB1D479F}
	EndGlobalSection
EndGlobal
